
Microsoft Visual Studio Solution File, Format Version 12.00
# Visual Studio 15
Project("{FAE04EC0-301F-11D3-BF4B-00C04F79EFBC}") = "AstarPathfindingProject", "AstarPathfindingProject.csproj", "{CE6CAD82-AAA2-8840-3442-8B6FFCE80A9B}"
EndProject
Project("{FAE04EC0-301F-11D3-BF4B-00C04F79EFBC}") = "Assembly-CSharp", "Assembly-CSharp.csproj", "{16A515F2-DCBE-CA4A-E864-8054813C6FE7}"
EndProject
Project("{FAE04EC0-301F-11D3-BF4B-00C04F79EFBC}") = "AstarPathfindingProjectEditor", "AstarPathfindingProjectEditor.csproj", "{7AF866AB-CF40-3261-7F05-89D9ACC07143}"
EndProject
Project("{FAE04EC0-301F-11D3-BF4B-00C04F79EFBC}") = "PackageToolsEditor", "PackageToolsEditor.csproj", "{9868CE21-33B7-952C-54EE-ED464DBBA732}"
EndProject
Global
	GlobalSection(SolutionConfigurationPlatforms) = preSolution
		Debug|Any CPU = Debug|Any CPU
		Release|Any CPU = Release|Any CPU
	EndGlobalSection
	GlobalSection(ProjectConfigurationPlatforms) = postSolution
		{CE6CAD82-AAA2-8840-3442-8B6FFCE80A9B}.Debug|Any CPU.ActiveCfg = Debug|Any CPU
		{CE6CAD82-AAA2-8840-3442-8B6FFCE80A9B}.Debug|Any CPU.Build.0 = Debug|Any CPU
		{CE6CAD82-AAA2-8840-3442-8B6FFCE80A9B}.Release|Any CPU.ActiveCfg = Release|Any CPU
		{CE6CAD82-AAA2-8840-3442-8B6FFCE80A9B}.Release|Any CPU.Build.0 = Release|Any CPU
		{16A515F2-DCBE-CA4A-E864-8054813C6FE7}.Debug|Any CPU.ActiveCfg = Debug|Any CPU
		{16A515F2-DCBE-CA4A-E864-8054813C6FE7}.Debug|Any CPU.Build.0 = Debug|Any CPU
		{16A515F2-DCBE-CA4A-E864-8054813C6FE7}.Release|Any CPU.ActiveCfg = Release|Any CPU
		{16A515F2-DCBE-CA4A-E864-8054813C6FE7}.Release|Any CPU.Build.0 = Release|Any CPU
		{7AF866AB-CF40-3261-7F05-89D9ACC07143}.Debug|Any CPU.ActiveCfg = Debug|Any CPU
		{7AF866AB-CF40-3261-7F05-89D9ACC07143}.Debug|Any CPU.Build.0 = Debug|Any CPU
		{7AF866AB-CF40-3261-7F05-89D9ACC07143}.Release|Any CPU.ActiveCfg = Release|Any CPU
		{7AF866AB-CF40-3261-7F05-89D9ACC07143}.Release|Any CPU.Build.0 = Release|Any CPU
		{9868CE21-33B7-952C-54EE-ED464DBBA732}.Debug|Any CPU.ActiveCfg = Debug|Any CPU
		{9868CE21-33B7-952C-54EE-ED464DBBA732}.Debug|Any CPU.Build.0 = Debug|Any CPU
		{9868CE21-33B7-952C-54EE-ED464DBBA732}.Release|Any CPU.ActiveCfg = Release|Any CPU
		{9868CE21-33B7-952C-54EE-ED464DBBA732}.Release|Any CPU.Build.0 = Release|Any CPU
	EndGlobalSection
	GlobalSection(SolutionProperties) = preSolution
		HideSolutionNode = FALSE
	EndGlobalSection
EndGlobal
